
Microsoft Visual Studio Solution File, Format Version 12.00
# Visual Studio Version 16
VisualStudioVersion = 16.0.29728.190
MinimumVisualStudioVersion = 10.0.40219.1
Project("{9A19103F-16F7-4668-BE54-9A1E7A4F7556}") = "Reservations", "Reservations\Reservations.csproj", "{E641088B-8E0A-40DA-A16A-800FD3C0FC09}"
	ProjectSection(ProjectDependencies) = postProject
		{C4E56DB2-A493-42B9-8FF5-8D520EC18847} = {C4E56DB2-A493-42B9-8FF5-8D520EC18847}
	EndProjectSection
EndProject
Project("{9A19103F-16F7-4668-BE54-9A1E7A4F7556}") = "DataAccessLayer", "DataAccessLayer\DataAccessLayer.csproj", "{F5558309-B16E-4E57-A7CE-B4B2B3C921ED}"
EndProject
Project("{9A19103F-16F7-4668-BE54-9A1E7A4F7556}") = "BusinessLogic", "BusinessLogic\BusinessLogic.csproj", "{C4E56DB2-A493-42B9-8FF5-8D520EC18847}"
	ProjectSection(ProjectDependencies) = postProject
		{F5558309-B16E-4E57-A7CE-B4B2B3C921ED} = {F5558309-B16E-4E57-A7CE-B4B2B3C921ED}
	EndProjectSection
EndProject
Global
	GlobalSection(SolutionConfigurationPlatforms) = preSolution
		Debug|Any CPU = Debug|Any CPU
		Release|Any CPU = Release|Any CPU
	EndGlobalSection
	GlobalSection(ProjectConfigurationPlatforms) = postSolution
		{E641088B-8E0A-40DA-A16A-800FD3C0FC09}.Debug|Any CPU.ActiveCfg = Debug|Any CPU
		{E641088B-8E0A-40DA-A16A-800FD3C0FC09}.Debug|Any CPU.Build.0 = Debug|Any CPU
		{E641088B-8E0A-40DA-A16A-800FD3C0FC09}.Release|Any CPU.ActiveCfg = Release|Any CPU
		{E641088B-8E0A-40DA-A16A-800FD3C0FC09}.Release|Any CPU.Build.0 = Release|Any CPU
		{F5558309-B16E-4E57-A7CE-B4B2B3C921ED}.Debug|Any CPU.ActiveCfg = Debug|Any CPU
		{F5558309-B16E-4E57-A7CE-B4B2B3C921ED}.Debug|Any CPU.Build.0 = Debug|Any CPU
		{F5558309-B16E-4E57-A7CE-B4B2B3C921ED}.Release|Any CPU.ActiveCfg = Release|Any CPU
		{F5558309-B16E-4E57-A7CE-B4B2B3C921ED}.Release|Any CPU.Build.0 = Release|Any CPU
		{C4E56DB2-A493-42B9-8FF5-8D520EC18847}.Debug|Any CPU.ActiveCfg = Debug|Any CPU
		{C4E56DB2-A493-42B9-8FF5-8D520EC18847}.Debug|Any CPU.Build.0 = Debug|Any CPU
		{C4E56DB2-A493-42B9-8FF5-8D520EC18847}.Release|Any CPU.ActiveCfg = Release|Any CPU
		{C4E56DB2-A493-42B9-8FF5-8D520EC18847}.Release|Any CPU.Build.0 = Release|Any CPU
	EndGlobalSection
	GlobalSection(SolutionProperties) = preSolution
		HideSolutionNode = FALSE
	EndGlobalSection
	GlobalSection(ExtensibilityGlobals) = postSolution
		SolutionGuid = {F356A230-5164-43B6-9110-637A3EAA9049}
	EndGlobalSection
EndGlobal
